
Microsoft Visual Studio Solution File, Format Version 12.00
# Visual Studio 15
VisualStudioVersion = 15.0.26430.6
MinimumVisualStudioVersion = 10.0.40219.1
Project("{FAE04EC0-301F-11D3-BF4B-00C04F79EFBC}") = "RSSE2", "RSSE2\RSSE2.csproj", "{01856913-3155-49FF-B7D2-22C7544C1787}"
EndProject
Global
	GlobalSection(SolutionConfigurationPlatforms) = preSolution
		Debug|Any CPU = Debug|Any CPU
		Release|Any CPU = Release|Any CPU
	EndGlobalSection
	GlobalSection(ProjectConfigurationPlatforms) = postSolution
		{01856913-3155-49FF-B7D2-22C7544C1787}.Debug|Any CPU.ActiveCfg = Debug|Any CPU
		{01856913-3155-49FF-B7D2-22C7544C1787}.Debug|Any CPU.Build.0 = Debug|Any CPU
		{01856913-3155-49FF-B7D2-22C7544C1787}.Release|Any CPU.ActiveCfg = Release|Any CPU
		{01856913-3155-49FF-B7D2-22C7544C1787}.Release|Any CPU.Build.0 = Release|Any CPU
	EndGlobalSection
	GlobalSection(SolutionProperties) = preSolution
		HideSolutionNode = FALSE
	EndGlobalSection
EndGlobal
